
Microsoft Visual Studio Solution File, Format Version 12.00
# Visual Studio Version 17
VisualStudioVersion = 17.13.35931.197
MinimumVisualStudioVersion = 10.0.40219.1
Project("{FAE04EC0-301F-11D3-BF4B-00C04F79EFBC}") = "BlackJackGameServer", "BlackJackGameServer\BlackJackGameServer.csproj", "{1FC275A3-2DB7-4CB6-80F6-A67671F2946D}"
EndProject
Project("{FAE04EC0-301F-11D3-BF4B-00C04F79EFBC}") = "BlackJackGameClient", "BlackJackGameClient\BlackJackGameClient.csproj", "{53C8EA8C-E714-4C2F-8796-5E5D1B537978}"
EndProject
Project("{FAE04EC0-301F-11D3-BF4B-00C04F79EFBC}") = "GameSharedLib", "GameSharedLib\GameSharedLib.csproj", "{C4F1C5E1-E925-4C09-BB60-3F51CF48ADC9}"
EndProject
Project("{FAE04EC0-301F-11D3-BF4B-00C04F79EFBC}") = "BlackJackGame.Tests", "BlackJackGame.Tests\BlackJackGame.Tests.csproj", "{BE23D22F-402C-442E-8441-C61645A1E6EC}"
EndProject
Project("{FAE04EC0-301F-11D3-BF4B-00C04F79EFBC}") = "GameAPIClient", "GameAPIClient\GameAPIClient.csproj", "{9004B9BB-CD3D-48EE-8C50-7EFC2CFEE443}"
EndProject
Global
	GlobalSection(SolutionConfigurationPlatforms) = preSolution
		Debug|Any CPU = Debug|Any CPU
		Release|Any CPU = Release|Any CPU
	EndGlobalSection
	GlobalSection(ProjectConfigurationPlatforms) = postSolution
		{1FC275A3-2DB7-4CB6-80F6-A67671F2946D}.Debug|Any CPU.ActiveCfg = Debug|Any CPU
		{1FC275A3-2DB7-4CB6-80F6-A67671F2946D}.Debug|Any CPU.Build.0 = Debug|Any CPU
		{1FC275A3-2DB7-4CB6-80F6-A67671F2946D}.Release|Any CPU.ActiveCfg = Release|Any CPU
		{1FC275A3-2DB7-4CB6-80F6-A67671F2946D}.Release|Any CPU.Build.0 = Release|Any CPU
		{53C8EA8C-E714-4C2F-8796-5E5D1B537978}.Debug|Any CPU.ActiveCfg = Debug|Any CPU
		{53C8EA8C-E714-4C2F-8796-5E5D1B537978}.Debug|Any CPU.Build.0 = Debug|Any CPU
		{53C8EA8C-E714-4C2F-8796-5E5D1B537978}.Release|Any CPU.ActiveCfg = Release|Any CPU
		{53C8EA8C-E714-4C2F-8796-5E5D1B537978}.Release|Any CPU.Build.0 = Release|Any CPU
		{C4F1C5E1-E925-4C09-BB60-3F51CF48ADC9}.Debug|Any CPU.ActiveCfg = Debug|Any CPU
		{C4F1C5E1-E925-4C09-BB60-3F51CF48ADC9}.Debug|Any CPU.Build.0 = Debug|Any CPU
		{C4F1C5E1-E925-4C09-BB60-3F51CF48ADC9}.Release|Any CPU.ActiveCfg = Release|Any CPU
		{C4F1C5E1-E925-4C09-BB60-3F51CF48ADC9}.Release|Any CPU.Build.0 = Release|Any CPU
		{BE23D22F-402C-442E-8441-C61645A1E6EC}.Debug|Any CPU.ActiveCfg = Debug|Any CPU
		{BE23D22F-402C-442E-8441-C61645A1E6EC}.Debug|Any CPU.Build.0 = Debug|Any CPU
		{BE23D22F-402C-442E-8441-C61645A1E6EC}.Release|Any CPU.ActiveCfg = Release|Any CPU
		{BE23D22F-402C-442E-8441-C61645A1E6EC}.Release|Any CPU.Build.0 = Release|Any CPU
		{9004B9BB-CD3D-48EE-8C50-7EFC2CFEE443}.Debug|Any CPU.ActiveCfg = Debug|Any CPU
		{9004B9BB-CD3D-48EE-8C50-7EFC2CFEE443}.Debug|Any CPU.Build.0 = Debug|Any CPU
		{9004B9BB-CD3D-48EE-8C50-7EFC2CFEE443}.Release|Any CPU.ActiveCfg = Release|Any CPU
		{9004B9BB-CD3D-48EE-8C50-7EFC2CFEE443}.Release|Any CPU.Build.0 = Release|Any CPU
	EndGlobalSection
	GlobalSection(SolutionProperties) = preSolution
		HideSolutionNode = FALSE
	EndGlobalSection
	GlobalSection(ExtensibilityGlobals) = postSolution
		SolutionGuid = {81464D3B-B496-4057-BA88-3FE586DC91C9}
	EndGlobalSection
EndGlobal
